
Microsoft Visual Studio Solution File, Format Version 12.00
# Visual Studio Version 16
VisualStudioVersion = 16.0.30804.86
MinimumVisualStudioVersion = 10.0.40219.1
Project("{9A19103F-16F7-4668-BE54-9A1E7A4F7556}") = "GenadiMladenovCV", "GenadiMladenovCV\GenadiMladenovCV.csproj", "{C6B07373-5E35-4E39-8074-A2FF7101C5F7}"
EndProject
Project("{2150E333-8FDC-42A3-9474-1A3956D46DE8}") = "Solution Items", "Solution Items", "{E26A60F7-1938-469E-A1DF-985D76F6C60F}"
	ProjectSection(SolutionItems) = preProject
		.editorconfig = .editorconfig
	EndProjectSection
EndProject
Global
	GlobalSection(SolutionConfigurationPlatforms) = preSolution
		Debug|Any CPU = Debug|Any CPU
		Release|Any CPU = Release|Any CPU
	EndGlobalSection
	GlobalSection(ProjectConfigurationPlatforms) = postSolution
		{C6B07373-5E35-4E39-8074-A2FF7101C5F7}.Debug|Any CPU.ActiveCfg = Debug|Any CPU
		{C6B07373-5E35-4E39-8074-A2FF7101C5F7}.Debug|Any CPU.Build.0 = Debug|Any CPU
		{C6B07373-5E35-4E39-8074-A2FF7101C5F7}.Release|Any CPU.ActiveCfg = Release|Any CPU
		{C6B07373-5E35-4E39-8074-A2FF7101C5F7}.Release|Any CPU.Build.0 = Release|Any CPU
	EndGlobalSection
	GlobalSection(SolutionProperties) = preSolution
		HideSolutionNode = FALSE
	EndGlobalSection
	GlobalSection(ExtensibilityGlobals) = postSolution
		SolutionGuid = {3F35C033-5CB1-42DC-A67D-9291A8E4C9A2}
	EndGlobalSection
EndGlobal
